
Microsoft Visual Studio Solution File, Format Version 12.00
# Visual Studio Version 16
VisualStudioVersion = 16.0.30320.27
MinimumVisualStudioVersion = 10.0.40219.1
Project("{FAE04EC0-301F-11D3-BF4B-00C04F79EFBC}") = "Taller2", "Taller2\Taller2.csproj", "{E0FFDFD6-C4B0-4362-8152-AA1C53E41879}"
EndProject
Global
	GlobalSection(SolutionConfigurationPlatforms) = preSolution
		Debug|Any CPU = Debug|Any CPU
		Release|Any CPU = Release|Any CPU
	EndGlobalSection
	GlobalSection(ProjectConfigurationPlatforms) = postSolution
		{E0FFDFD6-C4B0-4362-8152-AA1C53E41879}.Debug|Any CPU.ActiveCfg = Debug|Any CPU
		{E0FFDFD6-C4B0-4362-8152-AA1C53E41879}.Debug|Any CPU.Build.0 = Debug|Any CPU
		{E0FFDFD6-C4B0-4362-8152-AA1C53E41879}.Release|Any CPU.ActiveCfg = Release|Any CPU
		{E0FFDFD6-C4B0-4362-8152-AA1C53E41879}.Release|Any CPU.Build.0 = Release|Any CPU
	EndGlobalSection
	GlobalSection(SolutionProperties) = preSolution
		HideSolutionNode = FALSE
	EndGlobalSection
	GlobalSection(ExtensibilityGlobals) = postSolution
		SolutionGuid = {2F5D0E1B-6011-4F8C-9223-A0470F842086}
	EndGlobalSection
EndGlobal
